
Microsoft Visual Studio Solution File, Format Version 12.00
# Visual Studio Version 17
VisualStudioVersion = 17.14.36327.8 d17.14
MinimumVisualStudioVersion = 10.0.40219.1
Project("{FAE04EC0-301F-11D3-BF4B-00C04F79EFBC}") = "LNG_ENCS_Dashboard", "LNG_ENCS_Dashboard\LNG_ENCS_Dashboard.csproj", "{47A69B94-4677-47E1-9B6E-005D95D81C1B}"
EndProject
Global
	GlobalSection(SolutionConfigurationPlatforms) = preSolution
		Debug|Any CPU = Debug|Any CPU
		Release|Any CPU = Release|Any CPU
	EndGlobalSection
	GlobalSection(ProjectConfigurationPlatforms) = postSolution
		{47A69B94-4677-47E1-9B6E-005D95D81C1B}.Debug|Any CPU.ActiveCfg = Debug|Any CPU
		{47A69B94-4677-47E1-9B6E-005D95D81C1B}.Debug|Any CPU.Build.0 = Debug|Any CPU
		{47A69B94-4677-47E1-9B6E-005D95D81C1B}.Debug|Any CPU.Deploy.0 = Debug|Any CPU
		{47A69B94-4677-47E1-9B6E-005D95D81C1B}.Release|Any CPU.ActiveCfg = Release|Any CPU
		{47A69B94-4677-47E1-9B6E-005D95D81C1B}.Release|Any CPU.Build.0 = Release|Any CPU
		{47A69B94-4677-47E1-9B6E-005D95D81C1B}.Release|Any CPU.Deploy.0 = Release|Any CPU
	EndGlobalSection
	GlobalSection(SolutionProperties) = preSolution
		HideSolutionNode = FALSE
	EndGlobalSection
	GlobalSection(ExtensibilityGlobals) = postSolution
		SolutionGuid = {FF37C663-F36C-485D-8363-8BDE084DF067}
	EndGlobalSection
EndGlobal
